{
  "version": 4,
  "terraform_version": "0.12.20",
  "serial": 7,
  "lineage": "45e36af3-cc7c-3007-5f28-0b9fa53b363e",
  "outputs": {},
  "resources": [
    {
      "mode": "managed",
      "type": "aws_default_vpc",
      "name": "heticmadu_default_vpc",
      "provider": "provider.aws",
      "instances": [
        {
          "schema_version": 1,
          "attributes": {
            "arn": "arn:aws:ec2:eu-west-3:951116523464:vpc/vpc-02ddb8bce632aee0d",
            "assign_generated_ipv6_cidr_block": false,
            "cidr_block": "172.31.0.0/16",
            "default_network_acl_id": "acl-06773bed980f0c9e9",
            "default_route_table_id": "rtb-0fb40a334cef89419",
            "default_security_group_id": "sg-04c0faa1e88a26755",
            "dhcp_options_id": "dopt-d5e0eabc",
            "enable_classiclink": null,
            "enable_classiclink_dns_support": null,
            "enable_dns_hostnames": true,
            "enable_dns_support": true,
            "id": "vpc-02ddb8bce632aee0d",
            "instance_tenancy": "default",
            "ipv6_association_id": "",
            "ipv6_cidr_block": "",
            "main_route_table_id": "rtb-0fb40a334cef89419",
            "owner_id": "951116523464",
            "tags": {}
          },
          "private": "eyJzY2hlbWFfdmVyc2lvbiI6IjEifQ=="
        }
      ]
    },
    {
      "mode": "managed",
      "type": "aws_instance",
      "name": "heticmadu_instance",
      "provider": "provider.aws",
      "instances": [
        {
          "schema_version": 1,
          "attributes": {
            "ami": "ami-087855b6c8b59a9e4",
            "arn": "arn:aws:ec2:eu-west-3:951116523464:instance/i-09432af190dda5906",
            "associate_public_ip_address": true,
            "availability_zone": "eu-west-3b",
            "cpu_core_count": 1,
            "cpu_threads_per_core": 1,
            "credit_specification": [
              {
                "cpu_credits": "standard"
              }
            ],
            "disable_api_termination": false,
            "ebs_block_device": [],
            "ebs_optimized": false,
            "ephemeral_block_device": [],
            "get_password_data": false,
            "hibernation": false,
            "host_id": null,
            "iam_instance_profile": "",
            "id": "i-09432af190dda5906",
            "instance_initiated_shutdown_behavior": null,
            "instance_state": "running",
            "instance_type": "t2.micro",
            "ipv6_address_count": 0,
            "ipv6_addresses": [],
            "key_name": "heticmadu",
            "metadata_options": [
              {
                "http_endpoint": "enabled",
                "http_put_response_hop_limit": 1,
                "http_tokens": "optional"
              }
            ],
            "monitoring": false,
            "network_interface": [],
            "network_interface_id": null,
            "outpost_arn": "",
            "password_data": "",
            "placement_group": "",
            "primary_network_interface_id": "eni-0e8ab90e082cdb202",
            "private_dns": "ip-172-31-23-227.eu-west-3.compute.internal",
            "private_ip": "172.31.23.227",
            "public_dns": "ec2-15-236-51-36.eu-west-3.compute.amazonaws.com",
            "public_ip": "15.236.51.36",
            "root_block_device": [
              {
                "delete_on_termination": true,
                "device_name": "/dev/sda1",
                "encrypted": false,
                "iops": 100,
                "kms_key_id": "",
                "volume_id": "vol-0314bd57b1181ec28",
                "volume_size": 8,
                "volume_type": "gp2"
              }
            ],
            "security_groups": [
              "heticmadu"
            ],
            "source_dest_check": true,
            "subnet_id": "subnet-0713c37731d29fea9",
            "tags": {
              "Name": "heticmadu"
            },
            "tenancy": "default",
            "timeouts": null,
            "user_data": null,
            "user_data_base64": null,
            "volume_tags": {},
            "vpc_security_group_ids": [
              "sg-0353d2b08a15f3d9c"
            ]
          },
          "private": "eyJlMmJmYjczMC1lY2FhLTExZTYtOGY4OC0zNDM2M2JjN2M0YzAiOnsiY3JlYXRlIjo2MDAwMDAwMDAwMDAsImRlbGV0ZSI6MTIwMDAwMDAwMDAwMCwidXBkYXRlIjo2MDAwMDAwMDAwMDB9LCJzY2hlbWFfdmVyc2lvbiI6IjEifQ==",
          "dependencies": [
            "aws_default_vpc.heticmadu_default_vpc",
            "aws_security_group.heticmadu_security_group"
          ]
        }
      ]
    },
    {
      "mode": "managed",
      "type": "aws_key_pair",
      "name": "heticmadu_key_pair",
      "provider": "provider.aws",
      "instances": [
        {
          "schema_version": 1,
          "attributes": {
            "fingerprint": "09:90:c8:f5:66:8e:20:ef:e7:05:ef:53:ba:c6:2c:99",
            "id": "heticmadu",
            "key_name": "heticmadu",
            "key_name_prefix": null,
            "key_pair_id": "key-05787770b97422e11",
            "public_key": "ssh-rsa AAAAB3NzaC1yc2EAAAADAQABAAABAQDlCOqXqzZXOf39Fou2TgQ0CVFODUkSiG2iMh9hbME/yiKWiqE+5lwGD1t7WG724m5qY6SKqdltUCnuUeJFXC2R6l1yBuSCMTb5CxQaf4l4BBs/tcSZGcMO4affqMq31LoxRFW4aA5UU3jS14whZeXM1z9BztQ2Pwllp9RPxGjfKfXd1ge8pzW1wluu7ISAiZQxwNNg//MIBazrxBxw+PxtT/3eH3QF0Js/q4tV1cGy1U39kNH/pF3nJAmxWED5sEEjZNxMeI28sl0pP0V0kf5lIqJQjKtVhoI1++KdPoJPkbNDEmBlAFXxdak6DYW5eFp68XOsUkWP+Sh/38XhjPYV heticmadu@gmail.com",
            "tags": {}
          },
          "private": "eyJzY2hlbWFfdmVyc2lvbiI6IjEifQ=="
        }
      ]
    },
    {
      "mode": "managed",
      "type": "aws_s3_bucket",
      "name": "bucket",
      "provider": "provider.aws",
      "instances": [
        {
          "schema_version": 0,
          "attributes": {
            "acceleration_status": "",
            "acl": "private",
            "arn": "arn:aws:s3:::heticmadu-bucket",
            "bucket": "heticmadu-bucket",
            "bucket_domain_name": "heticmadu-bucket.s3.amazonaws.com",
            "bucket_prefix": null,
            "bucket_regional_domain_name": "heticmadu-bucket.s3.eu-west-3.amazonaws.com",
            "cors_rule": [],
            "force_destroy": false,
            "grant": [],
            "hosted_zone_id": "Z3R1K369G5AVDG",
            "id": "heticmadu-bucket",
            "lifecycle_rule": [],
            "logging": [],
            "object_lock_configuration": [],
            "policy": null,
            "region": "eu-west-3",
            "replication_configuration": [],
            "request_payer": "BucketOwner",
            "server_side_encryption_configuration": [],
            "tags": {},
            "versioning": [
              {
                "enabled": false,
                "mfa_delete": false
              }
            ],
            "website": [],
            "website_domain": null,
            "website_endpoint": null
          },
          "private": "bnVsbA=="
        }
      ]
    },
    {
      "mode": "managed",
      "type": "aws_security_group",
      "name": "heticmadu_security_group",
      "provider": "provider.aws",
      "instances": [
        {
          "schema_version": 1,
          "attributes": {
            "arn": "arn:aws:ec2:eu-west-3:951116523464:security-group/sg-0353d2b08a15f3d9c",
            "description": "heticmadu security group",
            "egress": [
              {
                "cidr_blocks": [
                  "0.0.0.0/0"
                ],
                "description": "",
                "from_port": 0,
                "ipv6_cidr_blocks": [],
                "prefix_list_ids": [],
                "protocol": "-1",
                "security_groups": [],
                "self": false,
                "to_port": 0
              }
            ],
            "id": "sg-0353d2b08a15f3d9c",
            "ingress": [
              {
                "cidr_blocks": [
                  "0.0.0.0/0"
                ],
                "description": "",
                "from_port": 22,
                "ipv6_cidr_blocks": [],
                "prefix_list_ids": [],
                "protocol": "tcp",
                "security_groups": [],
                "self": false,
                "to_port": 22
              },
              {
                "cidr_blocks": [
                  "0.0.0.0/0"
                ],
                "description": "",
                "from_port": 3000,
                "ipv6_cidr_blocks": [],
                "prefix_list_ids": [],
                "protocol": "tcp",
                "security_groups": [],
                "self": false,
                "to_port": 3000
              },
              {
                "cidr_blocks": [
                  "0.0.0.0/0"
                ],
                "description": "",
                "from_port": 4000,
                "ipv6_cidr_blocks": [],
                "prefix_list_ids": [],
                "protocol": "tcp",
                "security_groups": [],
                "self": false,
                "to_port": 4000
              }
            ],
            "name": "heticmadu",
            "name_prefix": null,
            "owner_id": "951116523464",
            "revoke_rules_on_delete": false,
            "tags": {
              "Name": "heticmadu"
            },
            "timeouts": null,
            "vpc_id": "vpc-02ddb8bce632aee0d"
          },
          "private": "eyJlMmJmYjczMC1lY2FhLTExZTYtOGY4OC0zNDM2M2JjN2M0YzAiOnsiY3JlYXRlIjo2MDAwMDAwMDAwMDAsImRlbGV0ZSI6NjAwMDAwMDAwMDAwfSwic2NoZW1hX3ZlcnNpb24iOiIxIn0=",
          "dependencies": [
            "aws_default_vpc.heticmadu_default_vpc"
          ]
        }
      ]
    }
  ]
}
