{
  "version": 4,
  "terraform_version": "0.12.20",
  "serial": 75,
  "lineage": "3efc86f1-f89d-4747-7dea-3c90834d3fa1",
  "outputs": {},
  "resources": [
    {
      "mode": "data",
      "type": "aws_ami",
      "name": "ubuntu",
      "provider": "provider.aws",
      "instances": [
        {
          "schema_version": 0,
          "attributes": {
            "architecture": "x86_64",
            "block_device_mappings": [
              {
                "device_name": "/dev/sda1",
                "ebs": {
                  "delete_on_termination": "true",
                  "encrypted": "false",
                  "iops": "0",
                  "snapshot_id": "snap-033f30b407cc897b0",
                  "volume_size": "8",
                  "volume_type": "gp2"
                },
                "no_device": "",
                "virtual_name": ""
              },
              {
                "device_name": "/dev/sdb",
                "ebs": {},
                "no_device": "",
                "virtual_name": "ephemeral0"
              },
              {
                "device_name": "/dev/sdc",
                "ebs": {},
                "no_device": "",
                "virtual_name": "ephemeral1"
              }
            ],
            "creation_date": "2020-05-07T13:46:31.000Z",
            "description": "Canonical, Ubuntu, 18.04 LTS, amd64 bionic image build on 2020-04-30",
            "executable_users": null,
            "filter": [
              {
                "name": "name",
                "values": [
                  "ubuntu/images/hvm-ssd/ubuntu-bionic-18.04-amd64-server-*"
                ]
              },
              {
                "name": "virtualization-type",
                "values": [
                  "hvm"
                ]
              }
            ],
            "hypervisor": "xen",
            "id": "ami-06d9c6325dbcc4e62",
            "image_id": "ami-06d9c6325dbcc4e62",
            "image_location": "099720109477/ubuntu/images/hvm-ssd/ubuntu-bionic-18.04-amd64-server-20200430",
            "image_owner_alias": null,
            "image_type": "machine",
            "kernel_id": null,
            "most_recent": true,
            "name": "ubuntu/images/hvm-ssd/ubuntu-bionic-18.04-amd64-server-20200430",
            "name_regex": null,
            "owner_id": "099720109477",
            "owners": [
              "099720109477"
            ],
            "platform": null,
            "product_codes": [],
            "public": true,
            "ramdisk_id": null,
            "root_device_name": "/dev/sda1",
            "root_device_type": "ebs",
            "root_snapshot_id": "snap-033f30b407cc897b0",
            "sriov_net_support": "simple",
            "state": "available",
            "state_reason": {
              "code": "UNSET",
              "message": "UNSET"
            },
            "tags": {},
            "virtualization_type": "hvm"
          }
        }
      ]
    },
    {
      "module": "module.prod.module.db",
      "mode": "managed",
      "type": "aws_db_instance",
      "name": "db",
      "provider": "provider.aws",
      "instances": [
        {
          "schema_version": 1,
          "attributes": {
            "address": "heticmadu-prod.czvlv8d9vbmz.eu-west-3.rds.amazonaws.com",
            "allocated_storage": 10,
            "allow_major_version_upgrade": true,
            "apply_immediately": null,
            "arn": "arn:aws:rds:eu-west-3:951116523464:db:heticmadu-prod",
            "auto_minor_version_upgrade": true,
            "availability_zone": "eu-west-3a",
            "backup_retention_period": 35,
            "backup_window": "01:00-02:00",
            "ca_cert_identifier": "rds-ca-2019",
            "character_set_name": null,
            "copy_tags_to_snapshot": false,
            "db_subnet_group_name": "default",
            "delete_automated_backups": true,
            "deletion_protection": false,
            "domain": "",
            "domain_iam_role_name": "",
            "enabled_cloudwatch_logs_exports": [],
            "endpoint": "heticmadu-prod.czvlv8d9vbmz.eu-west-3.rds.amazonaws.com:3306",
            "engine": "mysql",
            "engine_version": "5.7.22",
            "final_snapshot_identifier": null,
            "hosted_zone_id": "ZMESEXB7ZGGQ3",
            "iam_database_authentication_enabled": false,
            "id": "heticmadu-prod",
            "identifier": "heticmadu-prod",
            "identifier_prefix": null,
            "instance_class": "db.t2.micro",
            "iops": 0,
            "kms_key_id": "",
            "license_model": "general-public-license",
            "maintenance_window": "sat:03:00-sat:06:00",
            "max_allocated_storage": 100,
            "monitoring_interval": 0,
            "monitoring_role_arn": "",
            "multi_az": true,
            "name": "prod",
            "option_group_name": "default:mysql-5-7",
            "parameter_group_name": "default.mysql5.7",
            "password": "password",
            "performance_insights_enabled": false,
            "performance_insights_kms_key_id": "",
            "performance_insights_retention_period": 0,
            "port": 3306,
            "publicly_accessible": false,
            "replicas": [],
            "replicate_source_db": "",
            "resource_id": "db-HGPXHNRGCII6QLBCP56HPXUXCU",
            "s3_import": [],
            "security_group_names": [],
            "skip_final_snapshot": true,
            "snapshot_identifier": null,
            "status": "available",
            "storage_encrypted": false,
            "storage_type": "gp2",
            "tags": {},
            "timeouts": null,
            "timezone": "",
            "username": "username",
            "vpc_security_group_ids": [
              "sg-0ba1a06e52966ab25"
            ]
          },
          "private": "eyJlMmJmYjczMC1lY2FhLTExZTYtOGY4OC0zNDM2M2JjN2M0YzAiOnsiY3JlYXRlIjoyNDAwMDAwMDAwMDAwLCJkZWxldGUiOjI0MDAwMDAwMDAwMDAsInVwZGF0ZSI6NDgwMDAwMDAwMDAwMH0sInNjaGVtYV92ZXJzaW9uIjoiMSJ9",
          "dependencies": [
            "module.prod.module.db.aws_security_group.db"
          ]
        }
      ]
    },
    {
      "module": "module.preprod.module.db",
      "mode": "managed",
      "type": "aws_db_instance",
      "name": "db",
      "provider": "provider.aws",
      "instances": [
        {
          "schema_version": 1,
          "attributes": {
            "address": "heticmadu-preprod.czvlv8d9vbmz.eu-west-3.rds.amazonaws.com",
            "allocated_storage": 10,
            "allow_major_version_upgrade": true,
            "apply_immediately": null,
            "arn": "arn:aws:rds:eu-west-3:951116523464:db:heticmadu-preprod",
            "auto_minor_version_upgrade": true,
            "availability_zone": "eu-west-3c",
            "backup_retention_period": 35,
            "backup_window": "01:00-02:00",
            "ca_cert_identifier": "rds-ca-2019",
            "character_set_name": null,
            "copy_tags_to_snapshot": false,
            "db_subnet_group_name": "default",
            "delete_automated_backups": true,
            "deletion_protection": false,
            "domain": "",
            "domain_iam_role_name": "",
            "enabled_cloudwatch_logs_exports": [],
            "endpoint": "heticmadu-preprod.czvlv8d9vbmz.eu-west-3.rds.amazonaws.com:3306",
            "engine": "mysql",
            "engine_version": "5.7.22",
            "final_snapshot_identifier": null,
            "hosted_zone_id": "ZMESEXB7ZGGQ3",
            "iam_database_authentication_enabled": false,
            "id": "heticmadu-preprod",
            "identifier": "heticmadu-preprod",
            "identifier_prefix": null,
            "instance_class": "db.t2.micro",
            "iops": 0,
            "kms_key_id": "",
            "license_model": "general-public-license",
            "maintenance_window": "sat:03:00-sat:06:00",
            "max_allocated_storage": 100,
            "monitoring_interval": 0,
            "monitoring_role_arn": "",
            "multi_az": true,
            "name": "preprod",
            "option_group_name": "default:mysql-5-7",
            "parameter_group_name": "default.mysql5.7",
            "password": "password",
            "performance_insights_enabled": false,
            "performance_insights_kms_key_id": "",
            "performance_insights_retention_period": 0,
            "port": 3306,
            "publicly_accessible": false,
            "replicas": [],
            "replicate_source_db": "",
            "resource_id": "db-XGJDB7MLLL73U2M5GEFIM3QGBQ",
            "s3_import": [],
            "security_group_names": [],
            "skip_final_snapshot": true,
            "snapshot_identifier": null,
            "status": "available",
            "storage_encrypted": false,
            "storage_type": "gp2",
            "tags": {},
            "timeouts": null,
            "timezone": "",
            "username": "username",
            "vpc_security_group_ids": [
              "sg-0c49de7125b96d0b6"
            ]
          },
          "private": "eyJlMmJmYjczMC1lY2FhLTExZTYtOGY4OC0zNDM2M2JjN2M0YzAiOnsiY3JlYXRlIjoyNDAwMDAwMDAwMDAwLCJkZWxldGUiOjI0MDAwMDAwMDAwMDAsInVwZGF0ZSI6NDgwMDAwMDAwMDAwMH0sInNjaGVtYV92ZXJzaW9uIjoiMSJ9",
          "dependencies": [
            "module.preprod.module.db.aws_security_group.db"
          ]
        }
      ]
    },
    {
      "module": "module.prod.module.api",
      "mode": "managed",
      "type": "aws_elb",
      "name": "api",
      "provider": "module.prod.module.api.provider.aws",
      "instances": [
        {
          "schema_version": 0,
          "attributes": {
            "access_logs": [],
            "arn": "arn:aws:elasticloadbalancing:eu-west-3:951116523464:loadbalancer/heticmadu-prod-api",
            "availability_zones": [
              "eu-west-3a"
            ],
            "connection_draining": true,
            "connection_draining_timeout": 400,
            "cross_zone_load_balancing": true,
            "dns_name": "heticmadu-prod-api-1105638264.eu-west-3.elb.amazonaws.com",
            "health_check": [
              {
                "healthy_threshold": 2,
                "interval": 30,
                "target": "HTTP:4000/api",
                "timeout": 3,
                "unhealthy_threshold": 2
              }
            ],
            "id": "heticmadu-prod-api",
            "idle_timeout": 400,
            "instances": [
              "i-05df1b77f6eb663d8",
              "i-0e390d1b30455f99d"
            ],
            "internal": false,
            "listener": [
              {
                "instance_port": 4000,
                "instance_protocol": "http",
                "lb_port": 80,
                "lb_protocol": "http",
                "ssl_certificate_id": ""
              }
            ],
            "name": "heticmadu-prod-api",
            "name_prefix": null,
            "security_groups": [
              "sg-0c3efe287f64858ee"
            ],
            "source_security_group": "951116523464/default_elb_5dcd18c4-1517-32c1-b08c-38b662e4580f",
            "source_security_group_id": "sg-0c3efe287f64858ee",
            "subnets": [
              "subnet-0792324468cc2d0b1"
            ],
            "tags": {
              "Name": "heticmadu-prod-api"
            },
            "zone_id": "Z3Q77PNBQS71R4"
          },
          "private": "bnVsbA==",
          "dependencies": [
            "module.prod.module.api.aws_instance.api"
          ]
        }
      ]
    },
    {
      "module": "module.preprod.module.api",
      "mode": "managed",
      "type": "aws_elb",
      "name": "api",
      "provider": "module.preprod.module.api.provider.aws",
      "instances": [
        {
          "schema_version": 0,
          "attributes": {
            "access_logs": [],
            "arn": "arn:aws:elasticloadbalancing:eu-west-3:951116523464:loadbalancer/heticmadu-preprod-api",
            "availability_zones": [
              "eu-west-3a"
            ],
            "connection_draining": true,
            "connection_draining_timeout": 400,
            "cross_zone_load_balancing": true,
            "dns_name": "heticmadu-preprod-api-41304160.eu-west-3.elb.amazonaws.com",
            "health_check": [
              {
                "healthy_threshold": 2,
                "interval": 30,
                "target": "HTTP:4000/api",
                "timeout": 3,
                "unhealthy_threshold": 2
              }
            ],
            "id": "heticmadu-preprod-api",
            "idle_timeout": 400,
            "instances": [
              "i-0b026d9afe6981300",
              "i-0c07623ff300c27b0"
            ],
            "internal": false,
            "listener": [
              {
                "instance_port": 4000,
                "instance_protocol": "http",
                "lb_port": 80,
                "lb_protocol": "http",
                "ssl_certificate_id": ""
              }
            ],
            "name": "heticmadu-preprod-api",
            "name_prefix": null,
            "security_groups": [
              "sg-0c3efe287f64858ee"
            ],
            "source_security_group": "951116523464/default_elb_5dcd18c4-1517-32c1-b08c-38b662e4580f",
            "source_security_group_id": "sg-0c3efe287f64858ee",
            "subnets": [
              "subnet-0792324468cc2d0b1"
            ],
            "tags": {
              "Name": "heticmadu-preprod-api"
            },
            "zone_id": "Z3Q77PNBQS71R4"
          },
          "private": "bnVsbA==",
          "dependencies": [
            "module.preprod.module.api.aws_instance.api"
          ]
        }
      ]
    },
    {
      "module": "module.prod.module.client",
      "mode": "managed",
      "type": "aws_elb",
      "name": "client",
      "provider": "module.prod.module.client.provider.aws",
      "instances": [
        {
          "schema_version": 0,
          "attributes": {
            "access_logs": [],
            "arn": "arn:aws:elasticloadbalancing:eu-west-3:951116523464:loadbalancer/heticmadu-prod-client",
            "availability_zones": [
              "eu-west-3a"
            ],
            "connection_draining": true,
            "connection_draining_timeout": 400,
            "cross_zone_load_balancing": true,
            "dns_name": "heticmadu-prod-client-1085674096.eu-west-3.elb.amazonaws.com",
            "health_check": [
              {
                "healthy_threshold": 2,
                "interval": 30,
                "target": "HTTP:3000/",
                "timeout": 3,
                "unhealthy_threshold": 2
              }
            ],
            "id": "heticmadu-prod-client",
            "idle_timeout": 400,
            "instances": [
              "i-09ddebd06ab0e9a77",
              "i-0f40248c82bd72fde"
            ],
            "internal": false,
            "listener": [
              {
                "instance_port": 3000,
                "instance_protocol": "http",
                "lb_port": 80,
                "lb_protocol": "http",
                "ssl_certificate_id": ""
              }
            ],
            "name": "heticmadu-prod-client",
            "name_prefix": null,
            "security_groups": [
              "sg-0c3efe287f64858ee"
            ],
            "source_security_group": "951116523464/default_elb_5dcd18c4-1517-32c1-b08c-38b662e4580f",
            "source_security_group_id": "sg-0c3efe287f64858ee",
            "subnets": [
              "subnet-0792324468cc2d0b1"
            ],
            "tags": {
              "Name": "heticmadu-prod-client"
            },
            "zone_id": "Z3Q77PNBQS71R4"
          },
          "private": "bnVsbA==",
          "dependencies": [
            "aws_key_pair.heticmadu",
            "module.prod.module.client.aws_instance.client",
            "module.prod.module.client.aws_security_group.client"
          ]
        }
      ]
    },
    {
      "module": "module.preprod.module.client",
      "mode": "managed",
      "type": "aws_elb",
      "name": "client",
      "provider": "module.preprod.module.client.provider.aws",
      "instances": [
        {
          "schema_version": 0,
          "attributes": {
            "access_logs": [],
            "arn": "arn:aws:elasticloadbalancing:eu-west-3:951116523464:loadbalancer/heticmadu-preprod-client",
            "availability_zones": [
              "eu-west-3a"
            ],
            "connection_draining": true,
            "connection_draining_timeout": 400,
            "cross_zone_load_balancing": true,
            "dns_name": "heticmadu-preprod-client-503812331.eu-west-3.elb.amazonaws.com",
            "health_check": [
              {
                "healthy_threshold": 2,
                "interval": 30,
                "target": "HTTP:3000/",
                "timeout": 3,
                "unhealthy_threshold": 2
              }
            ],
            "id": "heticmadu-preprod-client",
            "idle_timeout": 400,
            "instances": [
              "i-0bb5b69d05b06154b",
              "i-0d1c06fb2e541591f"
            ],
            "internal": false,
            "listener": [
              {
                "instance_port": 3000,
                "instance_protocol": "http",
                "lb_port": 80,
                "lb_protocol": "http",
                "ssl_certificate_id": ""
              }
            ],
            "name": "heticmadu-preprod-client",
            "name_prefix": null,
            "security_groups": [
              "sg-0c3efe287f64858ee"
            ],
            "source_security_group": "951116523464/default_elb_5dcd18c4-1517-32c1-b08c-38b662e4580f",
            "source_security_group_id": "sg-0c3efe287f64858ee",
            "subnets": [
              "subnet-0792324468cc2d0b1"
            ],
            "tags": {
              "Name": "heticmadu-preprod-client"
            },
            "zone_id": "Z3Q77PNBQS71R4"
          },
          "private": "bnVsbA==",
          "dependencies": [
            "aws_key_pair.heticmadu",
            "module.preprod.module.client.aws_instance.client",
            "module.preprod.module.client.aws_security_group.client"
          ]
        }
      ]
    },
    {
      "module": "module.prod.module.api",
      "mode": "managed",
      "type": "aws_instance",
      "name": "api",
      "each": "list",
      "provider": "module.prod.module.api.provider.aws",
      "instances": [
        {
          "index_key": 0,
          "schema_version": 1,
          "attributes": {
            "ami": "ami-06d9c6325dbcc4e62",
            "arn": "arn:aws:ec2:eu-west-3:951116523464:instance/i-05df1b77f6eb663d8",
            "associate_public_ip_address": true,
            "availability_zone": "eu-west-3b",
            "cpu_core_count": 1,
            "cpu_threads_per_core": 1,
            "credit_specification": [
              {
                "cpu_credits": "standard"
              }
            ],
            "disable_api_termination": false,
            "ebs_block_device": [],
            "ebs_optimized": false,
            "ephemeral_block_device": [],
            "get_password_data": false,
            "hibernation": false,
            "host_id": null,
            "iam_instance_profile": "",
            "id": "i-05df1b77f6eb663d8",
            "instance_initiated_shutdown_behavior": null,
            "instance_state": "running",
            "instance_type": "t2.micro",
            "ipv6_address_count": 0,
            "ipv6_addresses": [],
            "key_name": "heticmadu",
            "metadata_options": [
              {
                "http_endpoint": "enabled",
                "http_put_response_hop_limit": 1,
                "http_tokens": "optional"
              }
            ],
            "monitoring": false,
            "network_interface": [],
            "network_interface_id": null,
            "outpost_arn": "",
            "password_data": "",
            "placement_group": "",
            "primary_network_interface_id": "eni-057ee1c9866e8036e",
            "private_dns": "ip-172-31-29-208.eu-west-3.compute.internal",
            "private_ip": "172.31.29.208",
            "public_dns": "ec2-35-180-125-170.eu-west-3.compute.amazonaws.com",
            "public_ip": "35.180.125.170",
            "root_block_device": [
              {
                "delete_on_termination": true,
                "device_name": "/dev/sda1",
                "encrypted": false,
                "iops": 100,
                "kms_key_id": "",
                "volume_id": "vol-0e9c94015bbff108c",
                "volume_size": 8,
                "volume_type": "gp2"
              }
            ],
            "security_groups": [
              "heticmadu-prod-api"
            ],
            "source_dest_check": true,
            "subnet_id": "subnet-0713c37731d29fea9",
            "tags": {
              "Name": "heticmadu-prod-api",
              "stage": "prod"
            },
            "tenancy": "default",
            "timeouts": null,
            "user_data": null,
            "user_data_base64": null,
            "volume_tags": {},
            "vpc_security_group_ids": [
              "sg-0b7e51c6917810f7e"
            ]
          },
          "private": "eyJlMmJmYjczMC1lY2FhLTExZTYtOGY4OC0zNDM2M2JjN2M0YzAiOnsiY3JlYXRlIjo2MDAwMDAwMDAwMDAsImRlbGV0ZSI6MTIwMDAwMDAwMDAwMCwidXBkYXRlIjo2MDAwMDAwMDAwMDB9LCJzY2hlbWFfdmVyc2lvbiI6IjEifQ==",
          "dependencies": [
            "aws_key_pair.heticmadu",
            "module.prod.module.api.aws_security_group.api"
          ]
        },
        {
          "index_key": 1,
          "schema_version": 1,
          "attributes": {
            "ami": "ami-06d9c6325dbcc4e62",
            "arn": "arn:aws:ec2:eu-west-3:951116523464:instance/i-0e390d1b30455f99d",
            "associate_public_ip_address": true,
            "availability_zone": "eu-west-3b",
            "cpu_core_count": 1,
            "cpu_threads_per_core": 1,
            "credit_specification": [
              {
                "cpu_credits": "standard"
              }
            ],
            "disable_api_termination": false,
            "ebs_block_device": [],
            "ebs_optimized": false,
            "ephemeral_block_device": [],
            "get_password_data": false,
            "hibernation": false,
            "host_id": null,
            "iam_instance_profile": "",
            "id": "i-0e390d1b30455f99d",
            "instance_initiated_shutdown_behavior": null,
            "instance_state": "running",
            "instance_type": "t2.micro",
            "ipv6_address_count": 0,
            "ipv6_addresses": [],
            "key_name": "heticmadu",
            "metadata_options": [
              {
                "http_endpoint": "enabled",
                "http_put_response_hop_limit": 1,
                "http_tokens": "optional"
              }
            ],
            "monitoring": false,
            "network_interface": [],
            "network_interface_id": null,
            "outpost_arn": "",
            "password_data": "",
            "placement_group": "",
            "primary_network_interface_id": "eni-0b7ac0757861a4705",
            "private_dns": "ip-172-31-26-152.eu-west-3.compute.internal",
            "private_ip": "172.31.26.152",
            "public_dns": "ec2-35-181-63-0.eu-west-3.compute.amazonaws.com",
            "public_ip": "35.181.63.0",
            "root_block_device": [
              {
                "delete_on_termination": true,
                "device_name": "/dev/sda1",
                "encrypted": false,
                "iops": 100,
                "kms_key_id": "",
                "volume_id": "vol-0e36f43d90ded1d08",
                "volume_size": 8,
                "volume_type": "gp2"
              }
            ],
            "security_groups": [
              "heticmadu-prod-api"
            ],
            "source_dest_check": true,
            "subnet_id": "subnet-0713c37731d29fea9",
            "tags": {
              "Name": "heticmadu-prod-api",
              "stage": "prod"
            },
            "tenancy": "default",
            "timeouts": null,
            "user_data": null,
            "user_data_base64": null,
            "volume_tags": {},
            "vpc_security_group_ids": [
              "sg-0b7e51c6917810f7e"
            ]
          },
          "private": "eyJlMmJmYjczMC1lY2FhLTExZTYtOGY4OC0zNDM2M2JjN2M0YzAiOnsiY3JlYXRlIjo2MDAwMDAwMDAwMDAsImRlbGV0ZSI6MTIwMDAwMDAwMDAwMCwidXBkYXRlIjo2MDAwMDAwMDAwMDB9LCJzY2hlbWFfdmVyc2lvbiI6IjEifQ==",
          "dependencies": [
            "aws_key_pair.heticmadu",
            "module.prod.module.api.aws_security_group.api"
          ]
        }
      ]
    },
    {
      "module": "module.preprod.module.api",
      "mode": "managed",
      "type": "aws_instance",
      "name": "api",
      "each": "list",
      "provider": "module.preprod.module.api.provider.aws",
      "instances": [
        {
          "index_key": 0,
          "schema_version": 1,
          "attributes": {
            "ami": "ami-06d9c6325dbcc4e62",
            "arn": "arn:aws:ec2:eu-west-3:951116523464:instance/i-0c07623ff300c27b0",
            "associate_public_ip_address": true,
            "availability_zone": "eu-west-3b",
            "cpu_core_count": 1,
            "cpu_threads_per_core": 1,
            "credit_specification": [
              {
                "cpu_credits": "standard"
              }
            ],
            "disable_api_termination": false,
            "ebs_block_device": [],
            "ebs_optimized": false,
            "ephemeral_block_device": [],
            "get_password_data": false,
            "hibernation": false,
            "host_id": null,
            "iam_instance_profile": "",
            "id": "i-0c07623ff300c27b0",
            "instance_initiated_shutdown_behavior": null,
            "instance_state": "running",
            "instance_type": "t2.micro",
            "ipv6_address_count": 0,
            "ipv6_addresses": [],
            "key_name": "heticmadu",
            "metadata_options": [
              {
                "http_endpoint": "enabled",
                "http_put_response_hop_limit": 1,
                "http_tokens": "optional"
              }
            ],
            "monitoring": false,
            "network_interface": [],
            "network_interface_id": null,
            "outpost_arn": "",
            "password_data": "",
            "placement_group": "",
            "primary_network_interface_id": "eni-099acc1280f456c78",
            "private_dns": "ip-172-31-26-15.eu-west-3.compute.internal",
            "private_ip": "172.31.26.15",
            "public_dns": "ec2-15-236-92-80.eu-west-3.compute.amazonaws.com",
            "public_ip": "15.236.92.80",
            "root_block_device": [
              {
                "delete_on_termination": true,
                "device_name": "/dev/sda1",
                "encrypted": false,
                "iops": 100,
                "kms_key_id": "",
                "volume_id": "vol-01d385a807802bb78",
                "volume_size": 8,
                "volume_type": "gp2"
              }
            ],
            "security_groups": [
              "heticmadu-preprod-api"
            ],
            "source_dest_check": true,
            "subnet_id": "subnet-0713c37731d29fea9",
            "tags": {
              "Name": "heticmadu-preprod-api",
              "stage": "preprod"
            },
            "tenancy": "default",
            "timeouts": null,
            "user_data": null,
            "user_data_base64": null,
            "volume_tags": {},
            "vpc_security_group_ids": [
              "sg-0ba98da66474d7c1f"
            ]
          },
          "private": "eyJlMmJmYjczMC1lY2FhLTExZTYtOGY4OC0zNDM2M2JjN2M0YzAiOnsiY3JlYXRlIjo2MDAwMDAwMDAwMDAsImRlbGV0ZSI6MTIwMDAwMDAwMDAwMCwidXBkYXRlIjo2MDAwMDAwMDAwMDB9LCJzY2hlbWFfdmVyc2lvbiI6IjEifQ==",
          "dependencies": [
            "aws_key_pair.heticmadu",
            "module.preprod.module.api.aws_security_group.api"
          ]
        },
        {
          "index_key": 1,
          "schema_version": 1,
          "attributes": {
            "ami": "ami-06d9c6325dbcc4e62",
            "arn": "arn:aws:ec2:eu-west-3:951116523464:instance/i-0b026d9afe6981300",
            "associate_public_ip_address": true,
            "availability_zone": "eu-west-3b",
            "cpu_core_count": 1,
            "cpu_threads_per_core": 1,
            "credit_specification": [
              {
                "cpu_credits": "standard"
              }
            ],
            "disable_api_termination": false,
            "ebs_block_device": [],
            "ebs_optimized": false,
            "ephemeral_block_device": [],
            "get_password_data": false,
            "hibernation": false,
            "host_id": null,
            "iam_instance_profile": "",
            "id": "i-0b026d9afe6981300",
            "instance_initiated_shutdown_behavior": null,
            "instance_state": "running",
            "instance_type": "t2.micro",
            "ipv6_address_count": 0,
            "ipv6_addresses": [],
            "key_name": "heticmadu",
            "metadata_options": [
              {
                "http_endpoint": "enabled",
                "http_put_response_hop_limit": 1,
                "http_tokens": "optional"
              }
            ],
            "monitoring": false,
            "network_interface": [],
            "network_interface_id": null,
            "outpost_arn": "",
            "password_data": "",
            "placement_group": "",
            "primary_network_interface_id": "eni-02d1fc255c0cbeee6",
            "private_dns": "ip-172-31-26-182.eu-west-3.compute.internal",
            "private_ip": "172.31.26.182",
            "public_dns": "ec2-15-236-20-62.eu-west-3.compute.amazonaws.com",
            "public_ip": "15.236.20.62",
            "root_block_device": [
              {
                "delete_on_termination": true,
                "device_name": "/dev/sda1",
                "encrypted": false,
                "iops": 100,
                "kms_key_id": "",
                "volume_id": "vol-0058f4bec99a07388",
                "volume_size": 8,
                "volume_type": "gp2"
              }
            ],
            "security_groups": [
              "heticmadu-preprod-api"
            ],
            "source_dest_check": true,
            "subnet_id": "subnet-0713c37731d29fea9",
            "tags": {
              "Name": "heticmadu-preprod-api",
              "stage": "preprod"
            },
            "tenancy": "default",
            "timeouts": null,
            "user_data": null,
            "user_data_base64": null,
            "volume_tags": {},
            "vpc_security_group_ids": [
              "sg-0ba98da66474d7c1f"
            ]
          },
          "private": "eyJlMmJmYjczMC1lY2FhLTExZTYtOGY4OC0zNDM2M2JjN2M0YzAiOnsiY3JlYXRlIjo2MDAwMDAwMDAwMDAsImRlbGV0ZSI6MTIwMDAwMDAwMDAwMCwidXBkYXRlIjo2MDAwMDAwMDAwMDB9LCJzY2hlbWFfdmVyc2lvbiI6IjEifQ==",
          "dependencies": [
            "aws_key_pair.heticmadu",
            "module.preprod.module.api.aws_security_group.api"
          ]
        }
      ]
    },
    {
      "module": "module.prod.module.client",
      "mode": "managed",
      "type": "aws_instance",
      "name": "client",
      "each": "list",
      "provider": "module.prod.module.client.provider.aws",
      "instances": [
        {
          "index_key": 0,
          "schema_version": 1,
          "attributes": {
            "ami": "ami-06d9c6325dbcc4e62",
            "arn": "arn:aws:ec2:eu-west-3:951116523464:instance/i-0f40248c82bd72fde",
            "associate_public_ip_address": true,
            "availability_zone": "eu-west-3b",
            "cpu_core_count": 1,
            "cpu_threads_per_core": 1,
            "credit_specification": [
              {
                "cpu_credits": "standard"
              }
            ],
            "disable_api_termination": false,
            "ebs_block_device": [],
            "ebs_optimized": false,
            "ephemeral_block_device": [],
            "get_password_data": false,
            "hibernation": false,
            "host_id": null,
            "iam_instance_profile": "",
            "id": "i-0f40248c82bd72fde",
            "instance_initiated_shutdown_behavior": null,
            "instance_state": "running",
            "instance_type": "t2.micro",
            "ipv6_address_count": 0,
            "ipv6_addresses": [],
            "key_name": "heticmadu",
            "metadata_options": [
              {
                "http_endpoint": "enabled",
                "http_put_response_hop_limit": 1,
                "http_tokens": "optional"
              }
            ],
            "monitoring": false,
            "network_interface": [],
            "network_interface_id": null,
            "outpost_arn": "",
            "password_data": "",
            "placement_group": "",
            "primary_network_interface_id": "eni-0380842d4569bcc15",
            "private_dns": "ip-172-31-27-116.eu-west-3.compute.internal",
            "private_ip": "172.31.27.116",
            "public_dns": "ec2-35-181-58-38.eu-west-3.compute.amazonaws.com",
            "public_ip": "35.181.58.38",
            "root_block_device": [
              {
                "delete_on_termination": true,
                "device_name": "/dev/sda1",
                "encrypted": false,
                "iops": 100,
                "kms_key_id": "",
                "volume_id": "vol-0077e6fa656f938cc",
                "volume_size": 8,
                "volume_type": "gp2"
              }
            ],
            "security_groups": [
              "heticmadu-prod-client"
            ],
            "source_dest_check": true,
            "subnet_id": "subnet-0713c37731d29fea9",
            "tags": {
              "Name": "heticmadu-prod-client",
              "stage": "prod"
            },
            "tenancy": "default",
            "timeouts": null,
            "user_data": null,
            "user_data_base64": null,
            "volume_tags": {},
            "vpc_security_group_ids": [
              "sg-0bba98f7d8f95ffe9"
            ]
          },
          "private": "eyJlMmJmYjczMC1lY2FhLTExZTYtOGY4OC0zNDM2M2JjN2M0YzAiOnsiY3JlYXRlIjo2MDAwMDAwMDAwMDAsImRlbGV0ZSI6MTIwMDAwMDAwMDAwMCwidXBkYXRlIjo2MDAwMDAwMDAwMDB9LCJzY2hlbWFfdmVyc2lvbiI6IjEifQ==",
          "dependencies": [
            "aws_key_pair.heticmadu",
            "module.prod.module.client.aws_security_group.client"
          ]
        },
        {
          "index_key": 1,
          "schema_version": 1,
          "attributes": {
            "ami": "ami-06d9c6325dbcc4e62",
            "arn": "arn:aws:ec2:eu-west-3:951116523464:instance/i-09ddebd06ab0e9a77",
            "associate_public_ip_address": true,
            "availability_zone": "eu-west-3b",
            "cpu_core_count": 1,
            "cpu_threads_per_core": 1,
            "credit_specification": [
              {
                "cpu_credits": "standard"
              }
            ],
            "disable_api_termination": false,
            "ebs_block_device": [],
            "ebs_optimized": false,
            "ephemeral_block_device": [],
            "get_password_data": false,
            "hibernation": false,
            "host_id": null,
            "iam_instance_profile": "",
            "id": "i-09ddebd06ab0e9a77",
            "instance_initiated_shutdown_behavior": null,
            "instance_state": "running",
            "instance_type": "t2.micro",
            "ipv6_address_count": 0,
            "ipv6_addresses": [],
            "key_name": "heticmadu",
            "metadata_options": [
              {
                "http_endpoint": "enabled",
                "http_put_response_hop_limit": 1,
                "http_tokens": "optional"
              }
            ],
            "monitoring": false,
            "network_interface": [],
            "network_interface_id": null,
            "outpost_arn": "",
            "password_data": "",
            "placement_group": "",
            "primary_network_interface_id": "eni-054e973d4752b3e7f",
            "private_dns": "ip-172-31-21-36.eu-west-3.compute.internal",
            "private_ip": "172.31.21.36",
            "public_dns": "ec2-35-180-89-112.eu-west-3.compute.amazonaws.com",
            "public_ip": "35.180.89.112",
            "root_block_device": [
              {
                "delete_on_termination": true,
                "device_name": "/dev/sda1",
                "encrypted": false,
                "iops": 100,
                "kms_key_id": "",
                "volume_id": "vol-0352f9087541543b0",
                "volume_size": 8,
                "volume_type": "gp2"
              }
            ],
            "security_groups": [
              "heticmadu-prod-client"
            ],
            "source_dest_check": true,
            "subnet_id": "subnet-0713c37731d29fea9",
            "tags": {
              "Name": "heticmadu-prod-client",
              "stage": "prod"
            },
            "tenancy": "default",
            "timeouts": null,
            "user_data": null,
            "user_data_base64": null,
            "volume_tags": {},
            "vpc_security_group_ids": [
              "sg-0bba98f7d8f95ffe9"
            ]
          },
          "private": "eyJlMmJmYjczMC1lY2FhLTExZTYtOGY4OC0zNDM2M2JjN2M0YzAiOnsiY3JlYXRlIjo2MDAwMDAwMDAwMDAsImRlbGV0ZSI6MTIwMDAwMDAwMDAwMCwidXBkYXRlIjo2MDAwMDAwMDAwMDB9LCJzY2hlbWFfdmVyc2lvbiI6IjEifQ==",
          "dependencies": [
            "aws_key_pair.heticmadu",
            "module.prod.module.client.aws_security_group.client"
          ]
        }
      ]
    },
    {
      "module": "module.preprod.module.client",
      "mode": "managed",
      "type": "aws_instance",
      "name": "client",
      "each": "list",
      "provider": "module.preprod.module.client.provider.aws",
      "instances": [
        {
          "index_key": 0,
          "schema_version": 1,
          "attributes": {
            "ami": "ami-06d9c6325dbcc4e62",
            "arn": "arn:aws:ec2:eu-west-3:951116523464:instance/i-0bb5b69d05b06154b",
            "associate_public_ip_address": true,
            "availability_zone": "eu-west-3b",
            "cpu_core_count": 1,
            "cpu_threads_per_core": 1,
            "credit_specification": [
              {
                "cpu_credits": "standard"
              }
            ],
            "disable_api_termination": false,
            "ebs_block_device": [],
            "ebs_optimized": false,
            "ephemeral_block_device": [],
            "get_password_data": false,
            "hibernation": false,
            "host_id": null,
            "iam_instance_profile": "",
            "id": "i-0bb5b69d05b06154b",
            "instance_initiated_shutdown_behavior": null,
            "instance_state": "running",
            "instance_type": "t2.micro",
            "ipv6_address_count": 0,
            "ipv6_addresses": [],
            "key_name": "heticmadu",
            "metadata_options": [
              {
                "http_endpoint": "enabled",
                "http_put_response_hop_limit": 1,
                "http_tokens": "optional"
              }
            ],
            "monitoring": false,
            "network_interface": [],
            "network_interface_id": null,
            "outpost_arn": "",
            "password_data": "",
            "placement_group": "",
            "primary_network_interface_id": "eni-0fefff83da2aaa6a7",
            "private_dns": "ip-172-31-22-1.eu-west-3.compute.internal",
            "private_ip": "172.31.22.1",
            "public_dns": "ec2-35-180-173-91.eu-west-3.compute.amazonaws.com",
            "public_ip": "35.180.173.91",
            "root_block_device": [
              {
                "delete_on_termination": true,
                "device_name": "/dev/sda1",
                "encrypted": false,
                "iops": 100,
                "kms_key_id": "",
                "volume_id": "vol-0942607b71b4182eb",
                "volume_size": 8,
                "volume_type": "gp2"
              }
            ],
            "security_groups": [
              "heticmadu-preprod-client"
            ],
            "source_dest_check": true,
            "subnet_id": "subnet-0713c37731d29fea9",
            "tags": {
              "Name": "heticmadu-preprod-client",
              "stage": "preprod"
            },
            "tenancy": "default",
            "timeouts": null,
            "user_data": null,
            "user_data_base64": null,
            "volume_tags": {},
            "vpc_security_group_ids": [
              "sg-03134305c86bb8ae6"
            ]
          },
          "private": "eyJlMmJmYjczMC1lY2FhLTExZTYtOGY4OC0zNDM2M2JjN2M0YzAiOnsiY3JlYXRlIjo2MDAwMDAwMDAwMDAsImRlbGV0ZSI6MTIwMDAwMDAwMDAwMCwidXBkYXRlIjo2MDAwMDAwMDAwMDB9LCJzY2hlbWFfdmVyc2lvbiI6IjEifQ==",
          "dependencies": [
            "aws_key_pair.heticmadu",
            "module.preprod.module.client.aws_security_group.client"
          ]
        },
        {
          "index_key": 1,
          "schema_version": 1,
          "attributes": {
            "ami": "ami-06d9c6325dbcc4e62",
            "arn": "arn:aws:ec2:eu-west-3:951116523464:instance/i-0d1c06fb2e541591f",
            "associate_public_ip_address": true,
            "availability_zone": "eu-west-3b",
            "cpu_core_count": 1,
            "cpu_threads_per_core": 1,
            "credit_specification": [
              {
                "cpu_credits": "standard"
              }
            ],
            "disable_api_termination": false,
            "ebs_block_device": [],
            "ebs_optimized": false,
            "ephemeral_block_device": [],
            "get_password_data": false,
            "hibernation": false,
            "host_id": null,
            "iam_instance_profile": "",
            "id": "i-0d1c06fb2e541591f",
            "instance_initiated_shutdown_behavior": null,
            "instance_state": "running",
            "instance_type": "t2.micro",
            "ipv6_address_count": 0,
            "ipv6_addresses": [],
            "key_name": "heticmadu",
            "metadata_options": [
              {
                "http_endpoint": "enabled",
                "http_put_response_hop_limit": 1,
                "http_tokens": "optional"
              }
            ],
            "monitoring": false,
            "network_interface": [],
            "network_interface_id": null,
            "outpost_arn": "",
            "password_data": "",
            "placement_group": "",
            "primary_network_interface_id": "eni-021e676314965c69f",
            "private_dns": "ip-172-31-19-128.eu-west-3.compute.internal",
            "private_ip": "172.31.19.128",
            "public_dns": "ec2-35-180-201-211.eu-west-3.compute.amazonaws.com",
            "public_ip": "35.180.201.211",
            "root_block_device": [
              {
                "delete_on_termination": true,
                "device_name": "/dev/sda1",
                "encrypted": false,
                "iops": 100,
                "kms_key_id": "",
                "volume_id": "vol-05ddda206adccdca4",
                "volume_size": 8,
                "volume_type": "gp2"
              }
            ],
            "security_groups": [
              "heticmadu-preprod-client"
            ],
            "source_dest_check": true,
            "subnet_id": "subnet-0713c37731d29fea9",
            "tags": {
              "Name": "heticmadu-preprod-client",
              "stage": "preprod"
            },
            "tenancy": "default",
            "timeouts": null,
            "user_data": null,
            "user_data_base64": null,
            "volume_tags": {},
            "vpc_security_group_ids": [
              "sg-03134305c86bb8ae6"
            ]
          },
          "private": "eyJlMmJmYjczMC1lY2FhLTExZTYtOGY4OC0zNDM2M2JjN2M0YzAiOnsiY3JlYXRlIjo2MDAwMDAwMDAwMDAsImRlbGV0ZSI6MTIwMDAwMDAwMDAwMCwidXBkYXRlIjo2MDAwMDAwMDAwMDB9LCJzY2hlbWFfdmVyc2lvbiI6IjEifQ==",
          "dependencies": [
            "aws_key_pair.heticmadu",
            "module.preprod.module.client.aws_security_group.client"
          ]
        }
      ]
    },
    {
      "mode": "managed",
      "type": "aws_key_pair",
      "name": "heticmadu",
      "provider": "provider.aws",
      "instances": [
        {
          "schema_version": 1,
          "attributes": {
            "fingerprint": "09:90:c8:f5:66:8e:20:ef:e7:05:ef:53:ba:c6:2c:99",
            "id": "heticmadu",
            "key_name": "heticmadu",
            "key_name_prefix": null,
            "key_pair_id": "key-064a7d79fb671ac3f",
            "public_key": "ssh-rsa AAAAB3NzaC1yc2EAAAADAQABAAABAQDlCOqXqzZXOf39Fou2TgQ0CVFODUkSiG2iMh9hbME/yiKWiqE+5lwGD1t7WG724m5qY6SKqdltUCnuUeJFXC2R6l1yBuSCMTb5CxQaf4l4BBs/tcSZGcMO4affqMq31LoxRFW4aA5UU3jS14whZeXM1z9BztQ2Pwllp9RPxGjfKfXd1ge8pzW1wluu7ISAiZQxwNNg//MIBazrxBxw+PxtT/3eH3QF0Js/q4tV1cGy1U39kNH/pF3nJAmxWED5sEEjZNxMeI28sl0pP0V0kf5lIqJQjKtVhoI1++KdPoJPkbNDEmBlAFXxdak6DYW5eFp68XOsUkWP+Sh/38XhjPYV heticmadu@gmail.com",
            "tags": {}
          },
          "private": "eyJzY2hlbWFfdmVyc2lvbiI6IjEifQ=="
        }
      ]
    },
    {
      "module": "module.prod.module.api",
      "mode": "managed",
      "type": "aws_security_group",
      "name": "api",
      "provider": "module.prod.module.api.provider.aws",
      "instances": [
        {
          "schema_version": 1,
          "attributes": {
            "arn": "arn:aws:ec2:eu-west-3:951116523464:security-group/sg-0b7e51c6917810f7e",
            "description": "Allow inbound traffic",
            "egress": [
              {
                "cidr_blocks": [
                  "0.0.0.0/0"
                ],
                "description": "",
                "from_port": 0,
                "ipv6_cidr_blocks": [],
                "prefix_list_ids": [],
                "protocol": "-1",
                "security_groups": [],
                "self": false,
                "to_port": 0
              }
            ],
            "id": "sg-0b7e51c6917810f7e",
            "ingress": [
              {
                "cidr_blocks": [
                  "0.0.0.0/0"
                ],
                "description": "api",
                "from_port": 4000,
                "ipv6_cidr_blocks": [],
                "prefix_list_ids": [],
                "protocol": "tcp",
                "security_groups": [],
                "self": false,
                "to_port": 4000
              },
              {
                "cidr_blocks": [
                  "0.0.0.0/0"
                ],
                "description": null,
                "from_port": 22,
                "ipv6_cidr_blocks": [],
                "prefix_list_ids": [],
                "protocol": "tcp",
                "security_groups": [],
                "self": false,
                "to_port": 22
              }
            ],
            "name": "heticmadu-prod-api",
            "name_prefix": null,
            "owner_id": "951116523464",
            "revoke_rules_on_delete": false,
            "tags": {
              "Name": "heticmadu-prod-api"
            },
            "timeouts": null,
            "vpc_id": "vpc-02ddb8bce632aee0d"
          },
          "private": "eyJlMmJmYjczMC1lY2FhLTExZTYtOGY4OC0zNDM2M2JjN2M0YzAiOnsiY3JlYXRlIjo2MDAwMDAwMDAwMDAsImRlbGV0ZSI6NjAwMDAwMDAwMDAwfSwic2NoZW1hX3ZlcnNpb24iOiIxIn0="
        }
      ]
    },
    {
      "module": "module.preprod.module.api",
      "mode": "managed",
      "type": "aws_security_group",
      "name": "api",
      "provider": "module.preprod.module.api.provider.aws",
      "instances": [
        {
          "schema_version": 1,
          "attributes": {
            "arn": "arn:aws:ec2:eu-west-3:951116523464:security-group/sg-0ba98da66474d7c1f",
            "description": "Allow inbound traffic",
            "egress": [
              {
                "cidr_blocks": [
                  "0.0.0.0/0"
                ],
                "description": "",
                "from_port": 0,
                "ipv6_cidr_blocks": [],
                "prefix_list_ids": [],
                "protocol": "-1",
                "security_groups": [],
                "self": false,
                "to_port": 0
              }
            ],
            "id": "sg-0ba98da66474d7c1f",
            "ingress": [
              {
                "cidr_blocks": [
                  "0.0.0.0/0"
                ],
                "description": "api",
                "from_port": 4000,
                "ipv6_cidr_blocks": [],
                "prefix_list_ids": [],
                "protocol": "tcp",
                "security_groups": [],
                "self": false,
                "to_port": 4000
              },
              {
                "cidr_blocks": [
                  "0.0.0.0/0"
                ],
                "description": null,
                "from_port": 22,
                "ipv6_cidr_blocks": [],
                "prefix_list_ids": [],
                "protocol": "tcp",
                "security_groups": [],
                "self": false,
                "to_port": 22
              }
            ],
            "name": "heticmadu-preprod-api",
            "name_prefix": null,
            "owner_id": "951116523464",
            "revoke_rules_on_delete": false,
            "tags": {
              "Name": "heticmadu-preprod-api"
            },
            "timeouts": null,
            "vpc_id": "vpc-02ddb8bce632aee0d"
          },
          "private": "eyJlMmJmYjczMC1lY2FhLTExZTYtOGY4OC0zNDM2M2JjN2M0YzAiOnsiY3JlYXRlIjo2MDAwMDAwMDAwMDAsImRlbGV0ZSI6NjAwMDAwMDAwMDAwfSwic2NoZW1hX3ZlcnNpb24iOiIxIn0="
        }
      ]
    },
    {
      "module": "module.prod.module.client",
      "mode": "managed",
      "type": "aws_security_group",
      "name": "client",
      "provider": "module.prod.module.client.provider.aws",
      "instances": [
        {
          "schema_version": 1,
          "attributes": {
            "arn": "arn:aws:ec2:eu-west-3:951116523464:security-group/sg-0bba98f7d8f95ffe9",
            "description": "Allow inbound traffic",
            "egress": [
              {
                "cidr_blocks": [
                  "0.0.0.0/0"
                ],
                "description": "",
                "from_port": 0,
                "ipv6_cidr_blocks": [],
                "prefix_list_ids": [],
                "protocol": "-1",
                "security_groups": [],
                "self": false,
                "to_port": 0
              }
            ],
            "id": "sg-0bba98f7d8f95ffe9",
            "ingress": [
              {
                "cidr_blocks": [
                  "0.0.0.0/0"
                ],
                "description": "",
                "from_port": 22,
                "ipv6_cidr_blocks": [],
                "prefix_list_ids": [],
                "protocol": "tcp",
                "security_groups": [],
                "self": false,
                "to_port": 22
              },
              {
                "cidr_blocks": [
                  "0.0.0.0/0"
                ],
                "description": "client",
                "from_port": 3000,
                "ipv6_cidr_blocks": [],
                "prefix_list_ids": [],
                "protocol": "tcp",
                "security_groups": [],
                "self": false,
                "to_port": 3000
              }
            ],
            "name": "heticmadu-prod-client",
            "name_prefix": null,
            "owner_id": "951116523464",
            "revoke_rules_on_delete": false,
            "tags": {
              "Name": "heticmadu-prod-client"
            },
            "timeouts": null,
            "vpc_id": "vpc-02ddb8bce632aee0d"
          },
          "private": "eyJlMmJmYjczMC1lY2FhLTExZTYtOGY4OC0zNDM2M2JjN2M0YzAiOnsiY3JlYXRlIjo2MDAwMDAwMDAwMDAsImRlbGV0ZSI6NjAwMDAwMDAwMDAwfSwic2NoZW1hX3ZlcnNpb24iOiIxIn0="
        }
      ]
    },
    {
      "module": "module.preprod.module.client",
      "mode": "managed",
      "type": "aws_security_group",
      "name": "client",
      "provider": "module.preprod.module.client.provider.aws",
      "instances": [
        {
          "schema_version": 1,
          "attributes": {
            "arn": "arn:aws:ec2:eu-west-3:951116523464:security-group/sg-03134305c86bb8ae6",
            "description": "Allow inbound traffic",
            "egress": [
              {
                "cidr_blocks": [
                  "0.0.0.0/0"
                ],
                "description": "",
                "from_port": 0,
                "ipv6_cidr_blocks": [],
                "prefix_list_ids": [],
                "protocol": "-1",
                "security_groups": [],
                "self": false,
                "to_port": 0
              }
            ],
            "id": "sg-03134305c86bb8ae6",
            "ingress": [
              {
                "cidr_blocks": [
                  "0.0.0.0/0"
                ],
                "description": "",
                "from_port": 22,
                "ipv6_cidr_blocks": [],
                "prefix_list_ids": [],
                "protocol": "tcp",
                "security_groups": [],
                "self": false,
                "to_port": 22
              },
              {
                "cidr_blocks": [
                  "0.0.0.0/0"
                ],
                "description": "client",
                "from_port": 3000,
                "ipv6_cidr_blocks": [],
                "prefix_list_ids": [],
                "protocol": "tcp",
                "security_groups": [],
                "self": false,
                "to_port": 3000
              }
            ],
            "name": "heticmadu-preprod-client",
            "name_prefix": null,
            "owner_id": "951116523464",
            "revoke_rules_on_delete": false,
            "tags": {
              "Name": "heticmadu-preprod-client"
            },
            "timeouts": null,
            "vpc_id": "vpc-02ddb8bce632aee0d"
          },
          "private": "eyJlMmJmYjczMC1lY2FhLTExZTYtOGY4OC0zNDM2M2JjN2M0YzAiOnsiY3JlYXRlIjo2MDAwMDAwMDAwMDAsImRlbGV0ZSI6NjAwMDAwMDAwMDAwfSwic2NoZW1hX3ZlcnNpb24iOiIxIn0="
        }
      ]
    },
    {
      "module": "module.prod.module.db",
      "mode": "managed",
      "type": "aws_security_group",
      "name": "db",
      "provider": "provider.aws",
      "instances": [
        {
          "schema_version": 1,
          "attributes": {
            "arn": "arn:aws:ec2:eu-west-3:951116523464:security-group/sg-0ba1a06e52966ab25",
            "description": "Managed by Terraform",
            "egress": [],
            "id": "sg-0ba1a06e52966ab25",
            "ingress": [
              {
                "cidr_blocks": [],
                "description": "",
                "from_port": 3306,
                "ipv6_cidr_blocks": [],
                "prefix_list_ids": [],
                "protocol": "tcp",
                "security_groups": [
                  "sg-0b7e51c6917810f7e"
                ],
                "self": false,
                "to_port": 3306
              }
            ],
            "name": "heticmadu-prod-db",
            "name_prefix": null,
            "owner_id": "951116523464",
            "revoke_rules_on_delete": false,
            "tags": {},
            "timeouts": null,
            "vpc_id": "vpc-02ddb8bce632aee0d"
          },
          "private": "eyJlMmJmYjczMC1lY2FhLTExZTYtOGY4OC0zNDM2M2JjN2M0YzAiOnsiY3JlYXRlIjo2MDAwMDAwMDAwMDAsImRlbGV0ZSI6NjAwMDAwMDAwMDAwfSwic2NoZW1hX3ZlcnNpb24iOiIxIn0=",
          "dependencies": [
            "module.prod.module.api.aws_security_group.api"
          ]
        }
      ]
    },
    {
      "module": "module.preprod.module.db",
      "mode": "managed",
      "type": "aws_security_group",
      "name": "db",
      "provider": "provider.aws",
      "instances": [
        {
          "schema_version": 1,
          "attributes": {
            "arn": "arn:aws:ec2:eu-west-3:951116523464:security-group/sg-0c49de7125b96d0b6",
            "description": "Managed by Terraform",
            "egress": [],
            "id": "sg-0c49de7125b96d0b6",
            "ingress": [
              {
                "cidr_blocks": [],
                "description": "",
                "from_port": 3306,
                "ipv6_cidr_blocks": [],
                "prefix_list_ids": [],
                "protocol": "tcp",
                "security_groups": [
                  "sg-0ba98da66474d7c1f"
                ],
                "self": false,
                "to_port": 3306
              }
            ],
            "name": "heticmadu-preprod-db",
            "name_prefix": null,
            "owner_id": "951116523464",
            "revoke_rules_on_delete": false,
            "tags": {},
            "timeouts": null,
            "vpc_id": "vpc-02ddb8bce632aee0d"
          },
          "private": "eyJlMmJmYjczMC1lY2FhLTExZTYtOGY4OC0zNDM2M2JjN2M0YzAiOnsiY3JlYXRlIjo2MDAwMDAwMDAwMDAsImRlbGV0ZSI6NjAwMDAwMDAwMDAwfSwic2NoZW1hX3ZlcnNpb24iOiIxIn0=",
          "dependencies": [
            "module.preprod.module.api.aws_security_group.api"
          ]
        }
      ]
    }
  ]
}
